
Microsoft Visual Studio Solution File, Format Version 12.00
# Visual Studio Version 17
VisualStudioVersion = 17.13.35931.197
MinimumVisualStudioVersion = 10.0.40219.1
Project("{FAE04EC0-301F-11D3-BF4B-00C04F79EFBC}") = "API", "API\API.csproj", "{9D5776FA-2AB0-4F35-958C-6C4B839B8519}"
EndProject
Project("{FAE04EC0-301F-11D3-BF4B-00C04F79EFBC}") = "Application", "Application\Application.csproj", "{CFABE1C3-3887-400E-AC0E-8C1207512603}"
EndProject
Project("{FAE04EC0-301F-11D3-BF4B-00C04F79EFBC}") = "Domain", "Domain\Domain.csproj", "{4CA657AA-632C-4C01-99A9-6C2F90785CCB}"
EndProject
Project("{FAE04EC0-301F-11D3-BF4B-00C04F79EFBC}") = "Persistence", "Persistence\Persistence.csproj", "{9843A247-EE84-46F8-8189-AD84C97022BF}"
EndProject
Project("{FAE04EC0-301F-11D3-BF4B-00C04F79EFBC}") = "Infrastructure", "Infrastructure\Infrastructure.csproj", "{F7A03A4E-77AE-48F4-8D23-C325EF547868}"
EndProject
Global
	GlobalSection(SolutionConfigurationPlatforms) = preSolution
		Debug|Any CPU = Debug|Any CPU
		Release|Any CPU = Release|Any CPU
	EndGlobalSection
	GlobalSection(ProjectConfigurationPlatforms) = postSolution
		{9D5776FA-2AB0-4F35-958C-6C4B839B8519}.Debug|Any CPU.ActiveCfg = Debug|Any CPU
		{9D5776FA-2AB0-4F35-958C-6C4B839B8519}.Debug|Any CPU.Build.0 = Debug|Any CPU
		{9D5776FA-2AB0-4F35-958C-6C4B839B8519}.Release|Any CPU.ActiveCfg = Release|Any CPU
		{9D5776FA-2AB0-4F35-958C-6C4B839B8519}.Release|Any CPU.Build.0 = Release|Any CPU
		{CFABE1C3-3887-400E-AC0E-8C1207512603}.Debug|Any CPU.ActiveCfg = Debug|Any CPU
		{CFABE1C3-3887-400E-AC0E-8C1207512603}.Debug|Any CPU.Build.0 = Debug|Any CPU
		{CFABE1C3-3887-400E-AC0E-8C1207512603}.Release|Any CPU.ActiveCfg = Release|Any CPU
		{CFABE1C3-3887-400E-AC0E-8C1207512603}.Release|Any CPU.Build.0 = Release|Any CPU
		{4CA657AA-632C-4C01-99A9-6C2F90785CCB}.Debug|Any CPU.ActiveCfg = Debug|Any CPU
		{4CA657AA-632C-4C01-99A9-6C2F90785CCB}.Debug|Any CPU.Build.0 = Debug|Any CPU
		{4CA657AA-632C-4C01-99A9-6C2F90785CCB}.Release|Any CPU.ActiveCfg = Release|Any CPU
		{4CA657AA-632C-4C01-99A9-6C2F90785CCB}.Release|Any CPU.Build.0 = Release|Any CPU
		{9843A247-EE84-46F8-8189-AD84C97022BF}.Debug|Any CPU.ActiveCfg = Debug|Any CPU
		{9843A247-EE84-46F8-8189-AD84C97022BF}.Debug|Any CPU.Build.0 = Debug|Any CPU
		{9843A247-EE84-46F8-8189-AD84C97022BF}.Release|Any CPU.ActiveCfg = Release|Any CPU
		{9843A247-EE84-46F8-8189-AD84C97022BF}.Release|Any CPU.Build.0 = Release|Any CPU
		{F7A03A4E-77AE-48F4-8D23-C325EF547868}.Debug|Any CPU.ActiveCfg = Debug|Any CPU
		{F7A03A4E-77AE-48F4-8D23-C325EF547868}.Debug|Any CPU.Build.0 = Debug|Any CPU
		{F7A03A4E-77AE-48F4-8D23-C325EF547868}.Release|Any CPU.ActiveCfg = Release|Any CPU
		{F7A03A4E-77AE-48F4-8D23-C325EF547868}.Release|Any CPU.Build.0 = Release|Any CPU
	EndGlobalSection
	GlobalSection(SolutionProperties) = preSolution
		HideSolutionNode = FALSE
	EndGlobalSection
	GlobalSection(ExtensibilityGlobals) = postSolution
		SolutionGuid = {0B52E416-DBA3-41C7-9BCE-111A3273569A}
	EndGlobalSection
EndGlobal
